// !$*UTF8*$!
{
	archiveVersion = 1;
	classes = {
	};
	objectVersion = 46;
	objects = {

/* Begin PBXBuildFile section */
		87706C811AACAFE000F30052 /* AppDelegate.swift in Sources */ = {isa = PBXBuildFile; fileRef = 87706C801AACAFE000F30052 /* AppDelegate.swift */; };
		87706C831AACAFE000F30052 /* ViewController.swift in Sources */ = {isa = PBXBuildFile; fileRef = 87706C821AACAFE000F30052 /* ViewController.swift */; };
		87706C861AACAFE000F30052 /* Main.storyboard in Resources */ = {isa = PBXBuildFile; fileRef = 87706C841AACAFE000F30052 /* Main.storyboard */; };
		87706C881AACAFE000F30052 /* Images.xcassets in Resources */ = {isa = PBXBuildFile; fileRef = 87706C871AACAFE000F30052 /* Images.xcassets */; };
		87706C8B1AACAFE000F30052 /* LaunchScreen.xib in Resources */ = {isa = PBXBuildFile; fileRef = 87706C891AACAFE000F30052 /* LaunchScreen.xib */; };
		87706C971AACAFE000F30052 /* BMITests.swift in Sources */ = {isa = PBXBuildFile; fileRef = 87706C961AACAFE000F30052 /* BMITests.swift */; };
/* End PBXBuildFile section */

/* Begin PBXContainerItemProxy section */
		87706C911AACAFE000F30052 /* PBXContainerItemProxy */ = {
			isa = PBXContainerItemProxy;
			containerPortal = 87706C731AACAFE000F30052 /* Project object */;
			proxyType = 1;
			remoteGlobalIDString = 87706C7A1AACAFE000F30052;
			remoteInfo = BMI;
		};
/* End PBXContainerItemProxy section */

/* Begin PBXFileReference section */
		87706C7B1AACAFE000F30052 /* BMI.app */ = {isa = PBXFileReference; explicitFileType = wrapper.application; includeInIndex = 0; path = BMI.app; sourceTree = BUILT_PRODUCTS_DIR; };
		87706C7F1AACAFE000F30052 /* Info.plist */ = {isa = PBXFileReference; lastKnownFileType = text.plist.xml; path = Info.plist; sourceTree = "<group>"; };
		87706C801AACAFE000F30052 /* AppDelegate.swift */ = {isa = PBXFileReference; lastKnownFileType = sourcecode.swift; path = AppDelegate.swift; sourceTree = "<group>"; };
		87706C821AACAFE000F30052 /* ViewController.swift */ = {isa = PBXFileReference; lastKnownFileType = sourcecode.swift; path = ViewController.swift; sourceTree = "<group>"; };
		87706C851AACAFE000F30052 /* Base */ = {isa = PBXFileReference; lastKnownFileType = file.storyboard; name = Base; path = Base.lproj/Main.storyboard; sourceTree = "<group>"; };
		87706C871AACAFE000F30052 /* Images.xcassets */ = {isa = PBXFileReference; lastKnownFileType = folder.assetcatalog; path = Images.xcassets; sourceTree = "<group>"; };
		87706C8A1AACAFE000F30052 /* Base */ = {isa = PBXFileReference; lastKnownFileType = file.xib; name = Base; path = Base.lproj/LaunchScreen.xib; sourceTree = "<group>"; };
		87706C901AACAFE000F30052 /* BMITests.xctest */ = {isa = PBXFileReference; explicitFileType = wrapper.cfbundle; includeInIndex = 0; path = BMITests.xctest; sourceTree = BUILT_PRODUCTS_DIR; };
		87706C951AACAFE000F30052 /* Info.plist */ = {isa = PBXFileReference; lastKnownFileType = text.plist.xml; path = Info.plist; sourceTree = "<group>"; };
		87706C961AACAFE000F30052 /* BMITests.swift */ = {isa = PBXFileReference; lastKnownFileType = sourcecode.swift; path = BMITests.swift; sourceTree = "<group>"; };
/* End PBXFileReference section */

/* Begin PBXFrameworksBuildPhase section */
		87706C781AACAFE000F30052 /* Frameworks */ = {
			isa = PBXFrameworksBuildPhase;
			buildActionMask = 2147483647;
			files = (
			);
			runOnlyForDeploymentPostprocessing = 0;
		};
		87706C8D1AACAFE000F30052 /* Frameworks */ = {
			isa = PBXFrameworksBuildPhase;
			buildActionMask = 2147483647;
			files = (
			);
			runOnlyForDeploymentPostprocessing = 0;
		};
/* End PBXFrameworksBuildPhase section */

/* Begin PBXGroup section */
		87706C721AACAFE000F30052 = {
			isa = PBXGroup;
			children = (
				87706C7D1AACAFE000F30052 /* BMI */,
				87706C931AACAFE000F30052 /* BMITests */,
				87706C7C1AACAFE000F30052 /* Products */,
			);
			sourceTree = "<group>";
		};
		87706C7C1AACAFE000F30052 /* Products */ = {
			isa = PBXGroup;
			children = (
				87706C7B1AACAFE000F30052 /* BMI.app */,
				87706C901AACAFE000F30052 /* BMITests.xctest */,
			);
			name = Products;
			sourceTree = "<group>";
		};
		87706C7D1AACAFE000F30052 /* BMI */ = {
			isa = PBXGroup;
			children = (
				87706C801AACAFE000F30052 /* AppDelegate.swift */,
				87706C821AACAFE000F30052 /* ViewController.swift */,
				87706C841AACAFE000F30052 /* Main.storyboard */,
				87706C871AACAFE000F30052 /* Images.xcassets */,
				87706C891AACAFE000F30052 /* LaunchScreen.xib */,
				87706C7E1AACAFE000F30052 /* Supporting Files */,
			);
			path = BMI;
			sourceTree = "<group>";
		};
		87706C7E1AACAFE000F30052 /* Supporting Files */ = {
			isa = PBXGroup;
			children = (
				87706C7F1AACAFE000F30052 /* Info.plist */,
			);
			name = "Supporting Files";
			sourceTree = "<group>";
		};
		87706C931AACAFE000F30052 /* BMITests */ = {
			isa = PBXGroup;
			children = (
				87706C961AACAFE000F30052 /* BMITests.swift */,
				87706C941AACAFE000F30052 /* Supporting Files */,
			);
			path = BMITests;
			sourceTree = "<group>";
		};
		87706C941AACAFE000F30052 /* Supporting Files */ = {
			isa = PBXGroup;
			children = (
				87706C951AACAFE000F30052 /* Info.plist */,
			);
			name = "Supporting Files";
			sourceTree = "<group>";
		};
/* End PBXGroup section */

/* Begin PBXNativeTarget section */
		87706C7A1AACAFE000F30052 /* BMI */ = {
			isa = PBXNativeTarget;
			buildConfigurationList = 87706C9A1AACAFE000F30052 /* Build configuration list for PBXNativeTarget "BMI" */;
			buildPhases = (
				87706C771AACAFE000F30052 /* Sources */,
				87706C781AACAFE000F30052 /* Frameworks */,
				87706C791AACAFE000F30052 /* Resources */,
			);
			buildRules = (
			);
			dependencies = (
			);
			name = BMI;
			productName = BMI;
			productReference = 87706C7B1AACAFE000F30052 /* BMI.app */;
			productType = "com.apple.product-type.application";
		};
		87706C8F1AACAFE000F30052 /* BMITests */ = {
			isa = PBXNativeTarget;
			buildConfigurationList = 87706C9D1AACAFE000F30052 /* Build configuration list for PBXNativeTarget "BMITests" */;
			buildPhases = (
				87706C8C1AACAFE000F30052 /* Sources */,
				87706C8D1AACAFE000F30052 /* Frameworks */,
				87706C8E1AACAFE000F30052 /* Resources */,
			);
			buildRules = (
			);
			dependencies = (
				87706C921AACAFE000F30052 /* PBXTargetDependency */,
			);
			name = BMITests;
			productName = BMITests;
			productReference = 87706C901AACAFE000F30052 /* BMITests.xctest */;
			productType = "com.apple.product-type.bundle.unit-test";
		};
/* End PBXNativeTarget section */

/* Begin PBXProject section */
		87706C731AACAFE000F30052 /* Project object */ = {
			isa = PBXProject;
			attributes = {
				LastUpgradeCheck = 0610;
				ORGANIZATIONNAME = "Nils Fischer";
				TargetAttributes = {
					87706C7A1AACAFE000F30052 = {
						CreatedOnToolsVersion = 6.1.1;
					};
					87706C8F1AACAFE000F30052 = {
						CreatedOnToolsVersion = 6.1.1;
						TestTargetID = 87706C7A1AACAFE000F30052;
					};
				};
			};
			buildConfigurationList = 87706C761AACAFE000F30052 /* Build configuration list for PBXProject "BMI" */;
			compatibilityVersion = "Xcode 3.2";
			developmentRegion = English;
			hasScannedForEncodings = 0;
			knownRegions = (
				en,
				Base,
			);
			mainGroup = 87706C721AACAFE000F30052;
			productRefGroup = 87706C7C1AACAFE000F30052 /* Products */;
			projectDirPath = "";
			projectRoot = "";
			targets = (
				87706C7A1AACAFE000F30052 /* BMI */,
				87706C8F1AACAFE000F30052 /* BMITests */,
			);
		};
/* End PBXProject section */

/* Begin PBXResourcesBuildPhase section */
		87706C791AACAFE000F30052 /* Resources */ = {
			isa = PBXResourcesBuildPhase;
			buildActionMask = 2147483647;
			files = (
				87706C861AACAFE000F30052 /* Main.storyboard in Resources */,
				87706C8B1AACAFE000F30052 /* LaunchScreen.xib in Resources */,
				87706C881AACAFE000F30052 /* Images.xcassets in Resources */,
			);
			runOnlyForDeploymentPostprocessing = 0;
		};
		87706C8E1AACAFE000F30052 /* Resources */ = {
			isa = PBXResourcesBuildPhase;
			buildActionMask = 2147483647;
			files = (
			);
			runOnlyForDeploymentPostprocessing = 0;
		};
/* End PBXResourcesBuildPhase section */

/* Begin PBXSourcesBuildPhase section */
		87706C771AACAFE000F30052 /* Sources */ = {
			isa = PBXSourcesBuildPhase;
			buildActionMask = 2147483647;
			files = (
				87706C831AACAFE000F30052 /* ViewController.swift in Sources */,
				87706C811AACAFE000F30052 /* AppDelegate.swift in Sources */,
			);
			runOnlyForDeploymentPostprocessing = 0;
		};
		87706C8C1AACAFE000F30052 /* Sources */ = {
			isa = PBXSourcesBuildPhase;
			buildActionMask = 2147483647;
			files = (
				87706C971AACAFE000F30052 /* BMITests.swift in Sources */,
			);
			runOnlyForDeploymentPostprocessing = 0;
		};
/* End PBXSourcesBuildPhase section */

/* Begin PBXTargetDependency section */
		87706C921AACAFE000F30052 /* PBXTargetDependency */ = {
			isa = PBXTargetDependency;
			target = 87706C7A1AACAFE000F30052 /* BMI */;
			targetProxy = 87706C911AACAFE000F30052 /* PBXContainerItemProxy */;
		};
/* End PBXTargetDependency section */

/* Begin PBXVariantGroup section */
		87706C841AACAFE000F30052 /* Main.storyboard */ = {
			isa = PBXVariantGroup;
			children = (
				87706C851AACAFE000F30052 /* Base */,
			);
			name = Main.storyboard;
			sourceTree = "<group>";
		};
		87706C891AACAFE000F30052 /* LaunchScreen.xib */ = {
			isa = PBXVariantGroup;
			children = (
				87706C8A1AACAFE000F30052 /* Base */,
			);
			name = LaunchScreen.xib;
			sourceTree = "<group>";
		};
/* End PBXVariantGroup section */

/* Begin XCBuildConfiguration section */
		87706C981AACAFE000F30052 /* Debug */ = {
			isa = XCBuildConfiguration;
			buildSettings = {
				ALWAYS_SEARCH_USER_PATHS = NO;
				CLANG_CXX_LANGUAGE_STANDARD = "gnu++0x";
				CLANG_CXX_LIBRARY = "libc++";
				CLANG_ENABLE_MODULES = YES;
				CLANG_ENABLE_OBJC_ARC = YES;
				CLANG_WARN_BOOL_CONVERSION = YES;
				CLANG_WARN_CONSTANT_CONVERSION = YES;
				CLANG_WARN_DIRECT_OBJC_ISA_USAGE = YES_ERROR;
				CLANG_WARN_EMPTY_BODY = YES;
				CLANG_WARN_ENUM_CONVERSION = YES;
				CLANG_WARN_INT_CONVERSION = YES;
				CLANG_WARN_OBJC_ROOT_CLASS = YES_ERROR;
				CLANG_WARN_UNREACHABLE_CODE = YES;
				CLANG_WARN__DUPLICATE_METHOD_MATCH = YES;
				"CODE_SIGN_IDENTITY[sdk=iphoneos*]" = "iPhone Developer";
				COPY_PHASE_STRIP = NO;
				ENABLE_STRICT_OBJC_MSGSEND = YES;
				GCC_C_LANGUAGE_STANDARD = gnu99;
				GCC_DYNAMIC_NO_PIC = NO;
				GCC_OPTIMIZATION_LEVEL = 0;
				GCC_PREPROCESSOR_DEFINITIONS = (
					"DEBUG=1",
					"$(inherited)",
				);
				GCC_SYMBOLS_PRIVATE_EXTERN = NO;
				GCC_WARN_64_TO_32_BIT_CONVERSION = YES;
				GCC_WARN_ABOUT_RETURN_TYPE = YES_ERROR;
				GCC_WARN_UNDECLARED_SELECTOR = YES;
				GCC_WARN_UNINITIALIZED_AUTOS = YES_AGGRESSIVE;
				GCC_WARN_UNUSED_FUNCTION = YES;
				GCC_WARN_UNUSED_VARIABLE = YES;
				IPHONEOS_DEPLOYMENT_TARGET = 8.1;
				MTL_ENABLE_DEBUG_INFO = YES;
				ONLY_ACTIVE_ARCH = YES;
				SDKROOT = iphoneos;
				SWIFT_OPTIMIZATION_LEVEL = "-Onone";
				TARGETED_DEVICE_FAMILY = "1,2";
			};
			name = Debug;
		};
		87706C991AACAFE000F30052 /* Release */ = {
			isa = XCBuildConfiguration;
			buildSettings = {
				ALWAYS_SEARCH_USER_PATHS = NO;
				CLANG_CXX_LANGUAGE_STANDARD = "gnu++0x";
				CLANG_CXX_LIBRARY = "libc++";
				CLANG_ENABLE_MODULES = YES;
				CLANG_ENABLE_OBJC_ARC = YES;
				CLANG_WARN_BOOL_CONVERSION = YES;
				CLANG_WARN_CONSTANT_CONVERSION = YES;
				CLANG_WARN_DIRECT_OBJC_ISA_USAGE = YES_ERROR;
				CLANG_WARN_EMPTY_BODY = YES;
				CLANG_WARN_ENUM_CONVERSION = YES;
				CLANG_WARN_INT_CONVERSION = YES;
				CLANG_WARN_OBJC_ROOT_CLASS = YES_ERROR;
				CLANG_WARN_UNREACHABLE_CODE = YES;
				CLANG_WARN__DUPLICATE_METHOD_MATCH = YES;
				"CODE_SIGN_IDENTITY[sdk=iphoneos*]" = "iPhone Developer";
				COPY_PHASE_STRIP = YES;
				ENABLE_NS_ASSERTIONS = NO;
				ENABLE_STRICT_OBJC_MSGSEND = YES;
				GCC_C_LANGUAGE_STANDARD = gnu99;
				GCC_WARN_64_TO_32_BIT_CONVERSION = YES;
				GCC_WARN_ABOUT_RETURN_TYPE = YES_ERROR;
				GCC_WARN_UNDECLARED_SELECTOR = YES;
				GCC_WARN_UNINITIALIZED_AUTOS = YES_AGGRESSIVE;
				GCC_WARN_UNUSED_FUNCTION = YES;
				GCC_WARN_UNUSED_VARIABLE = YES;
				IPHONEOS_DEPLOYMENT_TARGET = 8.1;
				MTL_ENABLE_DEBUG_INFO = NO;
				SDKROOT = iphoneos;
				TARGETED_DEVICE_FAMILY = "1,2";
				VALIDATE_PRODUCT = YES;
			};
			name = Release;
		};
		87706C9B1AACAFE000F30052 /* Debug */ = {
			isa = XCBuildConfiguration;
			buildSettings = {
				ASSETCATALOG_COMPILER_APPICON_NAME = AppIcon;
				INFOPLIST_FILE = BMI/Info.plist;
				LD_RUNPATH_SEARCH_PATHS = "$(inherited) @executable_path/Frameworks";
				PRODUCT_NAME = "$(TARGET_NAME)";
			};
			name = Debug;
		};
		87706C9C1AACAFE000F30052 /* Release */ = {
			isa = XCBuildConfiguration;
			buildSettings = {
				ASSETCATALOG_COMPILER_APPICON_NAME = AppIcon;
				INFOPLIST_FILE = BMI/Info.plist;
				LD_RUNPATH_SEARCH_PATHS = "$(inherited) @executable_path/Frameworks";
				PRODUCT_NAME = "$(TARGET_NAME)";
			};
			name = Release;
		};
		87706C9E1AACAFE000F30052 /* Debug */ = {
			isa = XCBuildConfiguration;
			buildSettings = {
				BUNDLE_LOADER = "$(TEST_HOST)";
				FRAMEWORK_SEARCH_PATHS = (
					"$(SDKROOT)/Developer/Library/Frameworks",
					"$(inherited)",
				);
				GCC_PREPROCESSOR_DEFINITIONS = (
					"DEBUG=1",
					"$(inherited)",
				);
				INFOPLIST_FILE = BMITests/Info.plist;
				LD_RUNPATH_SEARCH_PATHS = "$(inherited) @executable_path/Frameworks @loader_path/Frameworks";
				PRODUCT_NAME = "$(TARGET_NAME)";
				TEST_HOST = "$(BUILT_PRODUCTS_DIR)/BMI.app/BMI";
			};
			name = Debug;
		};
		87706C9F1AACAFE000F30052 /* Release */ = {
			isa = XCBuildConfiguration;
			buildSettings = {
				BUNDLE_LOADER = "$(TEST_HOST)";
				FRAMEWORK_SEARCH_PATHS = (
					"$(SDKROOT)/Developer/Library/Frameworks",
					"$(inherited)",
				);
				INFOPLIST_FILE = BMITests/Info.plist;
				LD_RUNPATH_SEARCH_PATHS = "$(inherited) @executable_path/Frameworks @loader_path/Frameworks";
				PRODUCT_NAME = "$(TARGET_NAME)";
				TEST_HOST = "$(BUILT_PRODUCTS_DIR)/BMI.app/BMI";
			};
			name = Release;
		};
/* End XCBuildConfiguration section */

/* Begin XCConfigurationList section */
		87706C761AACAFE000F30052 /* Build configuration list for PBXProject "BMI" */ = {
			isa = XCConfigurationList;
			buildConfigurations = (
				87706C981AACAFE000F30052 /* Debug */,
				87706C991AACAFE000F30052 /* Release */,
			);
			defaultConfigurationIsVisible = 0;
			defaultConfigurationName = Release;
		};
		87706C9A1AACAFE000F30052 /* Build configuration list for PBXNativeTarget "BMI" */ = {
			isa = XCConfigurationList;
			buildConfigurations = (
				87706C9B1AACAFE000F30052 /* Debug */,
				87706C9C1AACAFE000F30052 /* Release */,
			);
			defaultConfigurationIsVisible = 0;
		};
		87706C9D1AACAFE000F30052 /* Build configuration list for PBXNativeTarget "BMITests" */ = {
			isa = XCConfigurationList;
			buildConfigurations = (
				87706C9E1AACAFE000F30052 /* Debug */,
				87706C9F1AACAFE000F30052 /* Release */,
			);
			defaultConfigurationIsVisible = 0;
		};
/* End XCConfigurationList section */
	};
	rootObject = 87706C731AACAFE000F30052 /* Project object */;
}
